
Microsoft Visual Studio Solution File, Format Version 12.00
# Visual Studio Version 17
VisualStudioVersion = 17.12.35707.178 d17.12
MinimumVisualStudioVersion = 10.0.40219.1
Project("{FAE04EC0-301F-11D3-BF4B-00C04F79EFBC}") = "Developers.Stream.AppHost", "src\Developers.Stream.AppHost\Developers.Stream.AppHost.csproj", "{58A611F7-123E-42B5-B63F-AF46054C3929}"
EndProject
Project("{FAE04EC0-301F-11D3-BF4B-00C04F79EFBC}") = "Developers.Stream.ServiceDefaults", "src\Developers.Stream.ServiceDefaults\Developers.Stream.ServiceDefaults.csproj", "{0A463660-16A6-4F05-AD34-38A9487D5564}"
EndProject
Project("{2150E333-8FDC-42A3-9474-1A3956D46DE8}") = "Aspire", "Aspire", "{9584ECDC-1EC9-4555-AB65-D25BD4A8EC7B}"
EndProject
Project("{FAE04EC0-301F-11D3-BF4B-00C04F79EFBC}") = "Developers.Stream.Web", "src\Developers.Stream.Web\Developers.Stream.Web\Developers.Stream.Web.csproj", "{8FF895CE-3711-4C5B-8AEC-0BF192CA527C}"
EndProject
Project("{FAE04EC0-301F-11D3-BF4B-00C04F79EFBC}") = "Developers.Stream.Web.Client", "src\Developers.Stream.Web\Developers.Stream.Web.Client\Developers.Stream.Web.Client.csproj", "{28378430-67B8-4453-B5FD-41AB96FC5F44}"
EndProject
Project("{2150E333-8FDC-42A3-9474-1A3956D46DE8}") = "Documentation", "Documentation", "{481C8740-EF28-403B-82D1-713DAD33ACC8}"
	ProjectSection(SolutionItems) = preProject
		README.md = README.md
		..\notes.md = ..\notes.md
	EndProjectSection
EndProject
Project("{FAE04EC0-301F-11D3-BF4B-00C04F79EFBC}") = "Developers.Stream.Components", "src\Developers.Stream.Components\Developers.Stream.Components.csproj", "{99E622EC-FEA8-4F0D-BC62-D19F97F611B2}"
EndProject
Project("{2150E333-8FDC-42A3-9474-1A3956D46DE8}") = "Backend", "Backend", "{A21F6F89-5DE4-431B-BAFD-5FEF45D3C821}"
EndProject
Project("{FAE04EC0-301F-11D3-BF4B-00C04F79EFBC}") = "Developers.Stream.Application", "src\Developers.Stream.Application\Developers.Stream.Application.csproj", "{7F247CA0-6DC0-4D43-B58B-5E35580D01C5}"
EndProject
Project("{FAE04EC0-301F-11D3-BF4B-00C04F79EFBC}") = "Developers.Stream.Infrastructure", "src\Developers.Stream.Infrastructure\Developers.Stream.Infrastructure.csproj", "{835CD038-0C3A-4B26-ADAB-41340533C33B}"
EndProject
Project("{FAE04EC0-301F-11D3-BF4B-00C04F79EFBC}") = "Developers.Stream.Domain", "src\Developers.Stream.Domain\Developers.Stream.Domain.csproj", "{7DD2D2B7-5F7D-4ECA-BABD-D49BBF4FEED3}"
EndProject
Project("{FAE04EC0-301F-11D3-BF4B-00C04F79EFBC}") = "Developers.Stream.Shared-Kernel", "src\Developers.Stream.Shared-Kernel\Developers.Stream.Shared-Kernel.csproj", "{1B883396-8EB5-41AF-B840-EFFC37331802}"
EndProject
Project("{FAE04EC0-301F-11D3-BF4B-00C04F79EFBC}") = "Developers.Stream.Api", "src\Developers.Stream.Api\Developers.Stream.Api.csproj", "{2A138809-F17D-45C6-B897-6085889EE7CB}"
EndProject
Project("{2150E333-8FDC-42A3-9474-1A3956D46DE8}") = "Configuration", "Configuration", "{F0D02163-ADE7-4750-844A-081D88C9D60A}"
EndProject
Project("{FAE04EC0-301F-11D3-BF4B-00C04F79EFBC}") = "Developers.Stream.Migrations", "src\Developers.Stream.Migrations\Developers.Stream.Migrations.csproj", "{559FBE61-7E20-4F2F-BEA7-91FCEEC98BB5}"
EndProject
Project("{FAE04EC0-301F-11D3-BF4B-00C04F79EFBC}") = "Developers.Stream.MigrationService", "src\Developers.Stream.MigrationService\Developers.Stream.MigrationService.csproj", "{FE5BEFAA-AAEE-4631-931D-B3A26EFA37FE}"
EndProject
Project("{FAE04EC0-301F-11D3-BF4B-00C04F79EFBC}") = "Developers.Stream.Adapters.Server", "src\Developers.Stream.Adapters.Server\Developers.Stream.Adapters.Server.csproj", "{277BFAC5-5363-43DF-9FF5-D32E631FBF61}"
EndProject
Project("{FAE04EC0-301F-11D3-BF4B-00C04F79EFBC}") = "Developers.Stream.Adapters.Client", "src\Developers.Stream.Adapters.Client\Developers.Stream.Adapters.Client.csproj", "{C5BE1F40-4A4D-45FB-BFB0-6182AEC6F3E5}"
EndProject
Project("{FAE04EC0-301F-11D3-BF4B-00C04F79EFBC}") = "Developers.Stream.Infrastructure.Auth", "src\Developers.Stream.Infrastructure.Auth\Developers.Stream.Infrastructure.Auth.csproj", "{07F41C7C-4F0E-44D4-922C-CCDAD436AA16}"
EndProject
Global
	GlobalSection(SolutionConfigurationPlatforms) = preSolution
		Debug|Any CPU = Debug|Any CPU
		Release|Any CPU = Release|Any CPU
	EndGlobalSection
	GlobalSection(ProjectConfigurationPlatforms) = postSolution
		{58A611F7-123E-42B5-B63F-AF46054C3929}.Debug|Any CPU.ActiveCfg = Debug|Any CPU
		{58A611F7-123E-42B5-B63F-AF46054C3929}.Debug|Any CPU.Build.0 = Debug|Any CPU
		{58A611F7-123E-42B5-B63F-AF46054C3929}.Release|Any CPU.ActiveCfg = Release|Any CPU
		{58A611F7-123E-42B5-B63F-AF46054C3929}.Release|Any CPU.Build.0 = Release|Any CPU
		{0A463660-16A6-4F05-AD34-38A9487D5564}.Debug|Any CPU.ActiveCfg = Debug|Any CPU
		{0A463660-16A6-4F05-AD34-38A9487D5564}.Debug|Any CPU.Build.0 = Debug|Any CPU
		{0A463660-16A6-4F05-AD34-38A9487D5564}.Release|Any CPU.ActiveCfg = Release|Any CPU
		{0A463660-16A6-4F05-AD34-38A9487D5564}.Release|Any CPU.Build.0 = Release|Any CPU
		{8FF895CE-3711-4C5B-8AEC-0BF192CA527C}.Debug|Any CPU.ActiveCfg = Debug|Any CPU
		{8FF895CE-3711-4C5B-8AEC-0BF192CA527C}.Debug|Any CPU.Build.0 = Debug|Any CPU
		{8FF895CE-3711-4C5B-8AEC-0BF192CA527C}.Release|Any CPU.ActiveCfg = Release|Any CPU
		{8FF895CE-3711-4C5B-8AEC-0BF192CA527C}.Release|Any CPU.Build.0 = Release|Any CPU
		{28378430-67B8-4453-B5FD-41AB96FC5F44}.Debug|Any CPU.ActiveCfg = Debug|Any CPU
		{28378430-67B8-4453-B5FD-41AB96FC5F44}.Debug|Any CPU.Build.0 = Debug|Any CPU
		{28378430-67B8-4453-B5FD-41AB96FC5F44}.Release|Any CPU.ActiveCfg = Release|Any CPU
		{28378430-67B8-4453-B5FD-41AB96FC5F44}.Release|Any CPU.Build.0 = Release|Any CPU
		{99E622EC-FEA8-4F0D-BC62-D19F97F611B2}.Debug|Any CPU.ActiveCfg = Debug|Any CPU
		{99E622EC-FEA8-4F0D-BC62-D19F97F611B2}.Debug|Any CPU.Build.0 = Debug|Any CPU
		{99E622EC-FEA8-4F0D-BC62-D19F97F611B2}.Release|Any CPU.ActiveCfg = Release|Any CPU
		{99E622EC-FEA8-4F0D-BC62-D19F97F611B2}.Release|Any CPU.Build.0 = Release|Any CPU
		{7F247CA0-6DC0-4D43-B58B-5E35580D01C5}.Debug|Any CPU.ActiveCfg = Debug|Any CPU
		{7F247CA0-6DC0-4D43-B58B-5E35580D01C5}.Debug|Any CPU.Build.0 = Debug|Any CPU
		{7F247CA0-6DC0-4D43-B58B-5E35580D01C5}.Release|Any CPU.ActiveCfg = Release|Any CPU
		{7F247CA0-6DC0-4D43-B58B-5E35580D01C5}.Release|Any CPU.Build.0 = Release|Any CPU
		{835CD038-0C3A-4B26-ADAB-41340533C33B}.Debug|Any CPU.ActiveCfg = Debug|Any CPU
		{835CD038-0C3A-4B26-ADAB-41340533C33B}.Debug|Any CPU.Build.0 = Debug|Any CPU
		{835CD038-0C3A-4B26-ADAB-41340533C33B}.Release|Any CPU.ActiveCfg = Release|Any CPU
		{835CD038-0C3A-4B26-ADAB-41340533C33B}.Release|Any CPU.Build.0 = Release|Any CPU
		{7DD2D2B7-5F7D-4ECA-BABD-D49BBF4FEED3}.Debug|Any CPU.ActiveCfg = Debug|Any CPU
		{7DD2D2B7-5F7D-4ECA-BABD-D49BBF4FEED3}.Debug|Any CPU.Build.0 = Debug|Any CPU
		{7DD2D2B7-5F7D-4ECA-BABD-D49BBF4FEED3}.Release|Any CPU.ActiveCfg = Release|Any CPU
		{7DD2D2B7-5F7D-4ECA-BABD-D49BBF4FEED3}.Release|Any CPU.Build.0 = Release|Any CPU
		{1B883396-8EB5-41AF-B840-EFFC37331802}.Debug|Any CPU.ActiveCfg = Debug|Any CPU
		{1B883396-8EB5-41AF-B840-EFFC37331802}.Debug|Any CPU.Build.0 = Debug|Any CPU
		{1B883396-8EB5-41AF-B840-EFFC37331802}.Release|Any CPU.ActiveCfg = Release|Any CPU
		{1B883396-8EB5-41AF-B840-EFFC37331802}.Release|Any CPU.Build.0 = Release|Any CPU
		{2A138809-F17D-45C6-B897-6085889EE7CB}.Debug|Any CPU.ActiveCfg = Debug|Any CPU
		{2A138809-F17D-45C6-B897-6085889EE7CB}.Debug|Any CPU.Build.0 = Debug|Any CPU
		{2A138809-F17D-45C6-B897-6085889EE7CB}.Release|Any CPU.ActiveCfg = Release|Any CPU
		{2A138809-F17D-45C6-B897-6085889EE7CB}.Release|Any CPU.Build.0 = Release|Any CPU
		{559FBE61-7E20-4F2F-BEA7-91FCEEC98BB5}.Debug|Any CPU.ActiveCfg = Debug|Any CPU
		{559FBE61-7E20-4F2F-BEA7-91FCEEC98BB5}.Debug|Any CPU.Build.0 = Debug|Any CPU
		{559FBE61-7E20-4F2F-BEA7-91FCEEC98BB5}.Release|Any CPU.ActiveCfg = Release|Any CPU
		{559FBE61-7E20-4F2F-BEA7-91FCEEC98BB5}.Release|Any CPU.Build.0 = Release|Any CPU
		{FE5BEFAA-AAEE-4631-931D-B3A26EFA37FE}.Debug|Any CPU.ActiveCfg = Debug|Any CPU
		{FE5BEFAA-AAEE-4631-931D-B3A26EFA37FE}.Debug|Any CPU.Build.0 = Debug|Any CPU
		{FE5BEFAA-AAEE-4631-931D-B3A26EFA37FE}.Release|Any CPU.ActiveCfg = Release|Any CPU
		{FE5BEFAA-AAEE-4631-931D-B3A26EFA37FE}.Release|Any CPU.Build.0 = Release|Any CPU
		{277BFAC5-5363-43DF-9FF5-D32E631FBF61}.Debug|Any CPU.ActiveCfg = Debug|Any CPU
		{277BFAC5-5363-43DF-9FF5-D32E631FBF61}.Debug|Any CPU.Build.0 = Debug|Any CPU
		{277BFAC5-5363-43DF-9FF5-D32E631FBF61}.Release|Any CPU.ActiveCfg = Release|Any CPU
		{277BFAC5-5363-43DF-9FF5-D32E631FBF61}.Release|Any CPU.Build.0 = Release|Any CPU
		{C5BE1F40-4A4D-45FB-BFB0-6182AEC6F3E5}.Debug|Any CPU.ActiveCfg = Debug|Any CPU
		{C5BE1F40-4A4D-45FB-BFB0-6182AEC6F3E5}.Debug|Any CPU.Build.0 = Debug|Any CPU
		{C5BE1F40-4A4D-45FB-BFB0-6182AEC6F3E5}.Release|Any CPU.ActiveCfg = Release|Any CPU
		{C5BE1F40-4A4D-45FB-BFB0-6182AEC6F3E5}.Release|Any CPU.Build.0 = Release|Any CPU
		{07F41C7C-4F0E-44D4-922C-CCDAD436AA16}.Debug|Any CPU.ActiveCfg = Debug|Any CPU
		{07F41C7C-4F0E-44D4-922C-CCDAD436AA16}.Debug|Any CPU.Build.0 = Debug|Any CPU
		{07F41C7C-4F0E-44D4-922C-CCDAD436AA16}.Release|Any CPU.ActiveCfg = Release|Any CPU
		{07F41C7C-4F0E-44D4-922C-CCDAD436AA16}.Release|Any CPU.Build.0 = Release|Any CPU
	EndGlobalSection
	GlobalSection(SolutionProperties) = preSolution
		HideSolutionNode = FALSE
	EndGlobalSection
	GlobalSection(NestedProjects) = preSolution
		{58A611F7-123E-42B5-B63F-AF46054C3929} = {9584ECDC-1EC9-4555-AB65-D25BD4A8EC7B}
		{0A463660-16A6-4F05-AD34-38A9487D5564} = {9584ECDC-1EC9-4555-AB65-D25BD4A8EC7B}
		{7F247CA0-6DC0-4D43-B58B-5E35580D01C5} = {A21F6F89-5DE4-431B-BAFD-5FEF45D3C821}
		{835CD038-0C3A-4B26-ADAB-41340533C33B} = {A21F6F89-5DE4-431B-BAFD-5FEF45D3C821}
		{7DD2D2B7-5F7D-4ECA-BABD-D49BBF4FEED3} = {A21F6F89-5DE4-431B-BAFD-5FEF45D3C821}
		{1B883396-8EB5-41AF-B840-EFFC37331802} = {A21F6F89-5DE4-431B-BAFD-5FEF45D3C821}
		{2A138809-F17D-45C6-B897-6085889EE7CB} = {A21F6F89-5DE4-431B-BAFD-5FEF45D3C821}
		{559FBE61-7E20-4F2F-BEA7-91FCEEC98BB5} = {F0D02163-ADE7-4750-844A-081D88C9D60A}
		{FE5BEFAA-AAEE-4631-931D-B3A26EFA37FE} = {9584ECDC-1EC9-4555-AB65-D25BD4A8EC7B}
		{277BFAC5-5363-43DF-9FF5-D32E631FBF61} = {A21F6F89-5DE4-431B-BAFD-5FEF45D3C821}
		{C5BE1F40-4A4D-45FB-BFB0-6182AEC6F3E5} = {A21F6F89-5DE4-431B-BAFD-5FEF45D3C821}
		{07F41C7C-4F0E-44D4-922C-CCDAD436AA16} = {A21F6F89-5DE4-431B-BAFD-5FEF45D3C821}
	EndGlobalSection
EndGlobal
